{
  "version": 4,
  "terraform_version": "1.14.1",
  "serial": 188,
  "lineage": "e860ef3e-0b49-e897-d6c5-e461979587ec",
  "outputs": {},
  "resources": [
    {
      "mode": "data",
      "type": "azurerm_key_vault_secret",
      "name": "user_passwords",
      "provider": "provider[\"registry.terraform.io/hashicorp/azurerm\"]",
      "instances": [
        {
          "index_key": "AliceSmith001",
          "schema_version": 0,
          "attributes": {
            "content_type": "",
            "expiration_date": null,
            "id": "https://kv-azou8506-secrets.vault.azure.net/secrets/userpwd-AliceSmith001/daad9ea6efbb4e099818e9b678bef712",
            "key_vault_id": "/subscriptions/2e3ed960-fc0a-49ce-ad4b-05febbbb6f7c/resourceGroups/rg-SharedResources/providers/Microsoft.KeyVault/vaults/kv-azou8506-Secrets",
            "name": "userpwd-AliceSmith001",
            "not_before_date": null,
            "resource_id": "/subscriptions/2e3ed960-fc0a-49ce-ad4b-05febbbb6f7c/resourceGroups/rg-SharedResources/providers/Microsoft.KeyVault/vaults/kv-azou8506-Secrets/secrets/userpwd-AliceSmith001/versions/daad9ea6efbb4e099818e9b678bef712",
            "resource_versionless_id": "/subscriptions/2e3ed960-fc0a-49ce-ad4b-05febbbb6f7c/resourceGroups/rg-SharedResources/providers/Microsoft.KeyVault/vaults/kv-azou8506-Secrets/secrets/userpwd-AliceSmith001",
            "tags": {
              "file-encoding": "utf-8"
            },
            "timeouts": null,
            "value": "99BrownCHFire##",
            "version": "daad9ea6efbb4e099818e9b678bef712",
            "versionless_id": "https://kv-azou8506-secrets.vault.azure.net/secrets/userpwd-AliceSmith001"
          },
          "sensitive_attributes": [
            [
              {
                "type": "get_attr",
                "value": "value"
              }
            ]
          ],
          "identity_schema_version": 0
        },
        {
          "index_key": "AliceSmith002",
          "schema_version": 0,
          "attributes": {
            "content_type": "",
            "expiration_date": null,
            "id": "https://kv-azou8506-secrets.vault.azure.net/secrets/userpwd-AliceSmith002/93eb8bd5774f4d999c9ef4390672bb78",
            "key_vault_id": "/subscriptions/2e3ed960-fc0a-49ce-ad4b-05febbbb6f7c/resourceGroups/rg-SharedResources/providers/Microsoft.KeyVault/vaults/kv-azou8506-Secrets",
            "name": "userpwd-AliceSmith002",
            "not_before_date": null,
            "resource_id": "/subscriptions/2e3ed960-fc0a-49ce-ad4b-05febbbb6f7c/resourceGroups/rg-SharedResources/providers/Microsoft.KeyVault/vaults/kv-azou8506-Secrets/secrets/userpwd-AliceSmith002/versions/93eb8bd5774f4d999c9ef4390672bb78",
            "resource_versionless_id": "/subscriptions/2e3ed960-fc0a-49ce-ad4b-05febbbb6f7c/resourceGroups/rg-SharedResources/providers/Microsoft.KeyVault/vaults/kv-azou8506-Secrets/secrets/userpwd-AliceSmith002",
            "tags": {
              "file-encoding": "utf-8"
            },
            "timeouts": null,
            "value": "ZEGolden23@@Thunder",
            "version": "93eb8bd5774f4d999c9ef4390672bb78",
            "versionless_id": "https://kv-azou8506-secrets.vault.azure.net/secrets/userpwd-AliceSmith002"
          },
          "sensitive_attributes": [
            [
              {
                "type": "get_attr",
                "value": "value"
              }
            ]
          ],
          "identity_schema_version": 0
        },
        {
          "index_key": "BobJohnson001",
          "schema_version": 0,
          "attributes": {
            "content_type": "",
            "expiration_date": null,
            "id": "https://kv-azou8506-secrets.vault.azure.net/secrets/userpwd-BobJohnson001/86cb9f487a8344b2b0f5f5783a032dc5",
            "key_vault_id": "/subscriptions/2e3ed960-fc0a-49ce-ad4b-05febbbb6f7c/resourceGroups/rg-SharedResources/providers/Microsoft.KeyVault/vaults/kv-azou8506-Secrets",
            "name": "userpwd-BobJohnson001",
            "not_before_date": null,
            "resource_id": "/subscriptions/2e3ed960-fc0a-49ce-ad4b-05febbbb6f7c/resourceGroups/rg-SharedResources/providers/Microsoft.KeyVault/vaults/kv-azou8506-Secrets/secrets/userpwd-BobJohnson001/versions/86cb9f487a8344b2b0f5f5783a032dc5",
            "resource_versionless_id": "/subscriptions/2e3ed960-fc0a-49ce-ad4b-05febbbb6f7c/resourceGroups/rg-SharedResources/providers/Microsoft.KeyVault/vaults/kv-azou8506-Secrets/secrets/userpwd-BobJohnson001",
            "tags": {
              "file-encoding": "utf-8"
            },
            "timeouts": null,
            "value": "US+Fish55Black",
            "version": "86cb9f487a8344b2b0f5f5783a032dc5",
            "versionless_id": "https://kv-azou8506-secrets.vault.azure.net/secrets/userpwd-BobJohnson001"
          },
          "sensitive_attributes": [
            [
              {
                "type": "get_attr",
                "value": "value"
              }
            ]
          ],
          "identity_schema_version": 0
        },
        {
          "index_key": "CarolLee001",
          "schema_version": 0,
          "attributes": {
            "content_type": "",
            "expiration_date": null,
            "id": "https://kv-azou8506-secrets.vault.azure.net/secrets/userpwd-CarolLee001/3283a48891ec40979bba83ef45219756",
            "key_vault_id": "/subscriptions/2e3ed960-fc0a-49ce-ad4b-05febbbb6f7c/resourceGroups/rg-SharedResources/providers/Microsoft.KeyVault/vaults/kv-azou8506-Secrets",
            "name": "userpwd-CarolLee001",
            "not_before_date": null,
            "resource_id": "/subscriptions/2e3ed960-fc0a-49ce-ad4b-05febbbb6f7c/resourceGroups/rg-SharedResources/providers/Microsoft.KeyVault/vaults/kv-azou8506-Secrets/secrets/userpwd-CarolLee001/versions/3283a48891ec40979bba83ef45219756",
            "resource_versionless_id": "/subscriptions/2e3ed960-fc0a-49ce-ad4b-05febbbb6f7c/resourceGroups/rg-SharedResources/providers/Microsoft.KeyVault/vaults/kv-azou8506-Secrets/secrets/userpwd-CarolLee001",
            "tags": {
              "file-encoding": "utf-8"
            },
            "timeouts": null,
            "value": "%%OceanWhite55BR",
            "version": "3283a48891ec40979bba83ef45219756",
            "versionless_id": "https://kv-azou8506-secrets.vault.azure.net/secrets/userpwd-CarolLee001"
          },
          "sensitive_attributes": [
            [
              {
                "type": "get_attr",
                "value": "value"
              }
            ]
          ],
          "identity_schema_version": 0
        },
        {
          "index_key": "DavidKim001",
          "schema_version": 0,
          "attributes": {
            "content_type": "",
            "expiration_date": null,
            "id": "https://kv-azou8506-secrets.vault.azure.net/secrets/userpwd-DavidKim001/8ceb9c1c577a4fb8b2fd4d2ad8e1b6ae",
            "key_vault_id": "/subscriptions/2e3ed960-fc0a-49ce-ad4b-05febbbb6f7c/resourceGroups/rg-SharedResources/providers/Microsoft.KeyVault/vaults/kv-azou8506-Secrets",
            "name": "userpwd-DavidKim001",
            "not_before_date": null,
            "resource_id": "/subscriptions/2e3ed960-fc0a-49ce-ad4b-05febbbb6f7c/resourceGroups/rg-SharedResources/providers/Microsoft.KeyVault/vaults/kv-azou8506-Secrets/secrets/userpwd-DavidKim001/versions/8ceb9c1c577a4fb8b2fd4d2ad8e1b6ae",
            "resource_versionless_id": "/subscriptions/2e3ed960-fc0a-49ce-ad4b-05febbbb6f7c/resourceGroups/rg-SharedResources/providers/Microsoft.KeyVault/vaults/kv-azou8506-Secrets/secrets/userpwd-DavidKim001",
            "tags": {
              "file-encoding": "utf-8"
            },
            "timeouts": null,
            "value": "%%GrassBrown12ZE",
            "version": "8ceb9c1c577a4fb8b2fd4d2ad8e1b6ae",
            "versionless_id": "https://kv-azou8506-secrets.vault.azure.net/secrets/userpwd-DavidKim001"
          },
          "sensitive_attributes": [
            [
              {
                "type": "get_attr",
                "value": "value"
              }
            ]
          ],
          "identity_schema_version": 0
        },
        {
          "index_key": "EvaBrown001",
          "schema_version": 0,
          "attributes": {
            "content_type": "",
            "expiration_date": null,
            "id": "https://kv-azou8506-secrets.vault.azure.net/secrets/userpwd-EvaBrown001/2b769c8b297341bf9f16ab4894cae606",
            "key_vault_id": "/subscriptions/2e3ed960-fc0a-49ce-ad4b-05febbbb6f7c/resourceGroups/rg-SharedResources/providers/Microsoft.KeyVault/vaults/kv-azou8506-Secrets",
            "name": "userpwd-EvaBrown001",
            "not_before_date": null,
            "resource_id": "/subscriptions/2e3ed960-fc0a-49ce-ad4b-05febbbb6f7c/resourceGroups/rg-SharedResources/providers/Microsoft.KeyVault/vaults/kv-azou8506-Secrets/secrets/userpwd-EvaBrown001/versions/2b769c8b297341bf9f16ab4894cae606",
            "resource_versionless_id": "/subscriptions/2e3ed960-fc0a-49ce-ad4b-05febbbb6f7c/resourceGroups/rg-SharedResources/providers/Microsoft.KeyVault/vaults/kv-azou8506-Secrets/secrets/userpwd-EvaBrown001",
            "tags": {
              "file-encoding": "utf-8"
            },
            "timeouts": null,
            "value": "HammerPK22Pink%",
            "version": "2b769c8b297341bf9f16ab4894cae606",
            "versionless_id": "https://kv-azou8506-secrets.vault.azure.net/secrets/userpwd-EvaBrown001"
          },
          "sensitive_attributes": [
            [
              {
                "type": "get_attr",
                "value": "value"
              }
            ]
          ],
          "identity_schema_version": 0
        },
        {
          "index_key": "FrankGreen001",
          "schema_version": 0,
          "attributes": {
            "content_type": "",
            "expiration_date": null,
            "id": "https://kv-azou8506-secrets.vault.azure.net/secrets/userpwd-FrankGreen001/7a05a41ddc7343b1ae2f36277499bfe8",
            "key_vault_id": "/subscriptions/2e3ed960-fc0a-49ce-ad4b-05febbbb6f7c/resourceGroups/rg-SharedResources/providers/Microsoft.KeyVault/vaults/kv-azou8506-Secrets",
            "name": "userpwd-FrankGreen001",
            "not_before_date": null,
            "resource_id": "/subscriptions/2e3ed960-fc0a-49ce-ad4b-05febbbb6f7c/resourceGroups/rg-SharedResources/providers/Microsoft.KeyVault/vaults/kv-azou8506-Secrets/secrets/userpwd-FrankGreen001/versions/7a05a41ddc7343b1ae2f36277499bfe8",
            "resource_versionless_id": "/subscriptions/2e3ed960-fc0a-49ce-ad4b-05febbbb6f7c/resourceGroups/rg-SharedResources/providers/Microsoft.KeyVault/vaults/kv-azou8506-Secrets/secrets/userpwd-FrankGreen001",
            "tags": {
              "file-encoding": "utf-8"
            },
            "timeouts": null,
            "value": "@@Black33OceanUK",
            "version": "7a05a41ddc7343b1ae2f36277499bfe8",
            "versionless_id": "https://kv-azou8506-secrets.vault.azure.net/secrets/userpwd-FrankGreen001"
          },
          "sensitive_attributes": [
            [
              {
                "type": "get_attr",
                "value": "value"
              }
            ]
          ],
          "identity_schema_version": 0
        },
        {
          "index_key": "GraceWhite001",
          "schema_version": 0,
          "attributes": {
            "content_type": "",
            "expiration_date": null,
            "id": "https://kv-azou8506-secrets.vault.azure.net/secrets/userpwd-GraceWhite001/8b018c791dac44eb852c95c13fd1a155",
            "key_vault_id": "/subscriptions/2e3ed960-fc0a-49ce-ad4b-05febbbb6f7c/resourceGroups/rg-SharedResources/providers/Microsoft.KeyVault/vaults/kv-azou8506-Secrets",
            "name": "userpwd-GraceWhite001",
            "not_before_date": null,
            "resource_id": "/subscriptions/2e3ed960-fc0a-49ce-ad4b-05febbbb6f7c/resourceGroups/rg-SharedResources/providers/Microsoft.KeyVault/vaults/kv-azou8506-Secrets/secrets/userpwd-GraceWhite001/versions/8b018c791dac44eb852c95c13fd1a155",
            "resource_versionless_id": "/subscriptions/2e3ed960-fc0a-49ce-ad4b-05febbbb6f7c/resourceGroups/rg-SharedResources/providers/Microsoft.KeyVault/vaults/kv-azou8506-Secrets/secrets/userpwd-GraceWhite001",
            "tags": {
              "file-encoding": "utf-8"
            },
            "timeouts": null,
            "value": "HammerBlack999UK",
            "version": "8b018c791dac44eb852c95c13fd1a155",
            "versionless_id": "https://kv-azou8506-secrets.vault.azure.net/secrets/userpwd-GraceWhite001"
          },
          "sensitive_attributes": [
            [
              {
                "type": "get_attr",
                "value": "value"
              }
            ]
          ],
          "identity_schema_version": 0
        },
        {
          "index_key": "HenryBlack001",
          "schema_version": 0,
          "attributes": {
            "content_type": "",
            "expiration_date": null,
            "id": "https://kv-azou8506-secrets.vault.azure.net/secrets/userpwd-HenryBlack001/0b67a7ce30aa46ddb06968944f9defd0",
            "key_vault_id": "/subscriptions/2e3ed960-fc0a-49ce-ad4b-05febbbb6f7c/resourceGroups/rg-SharedResources/providers/Microsoft.KeyVault/vaults/kv-azou8506-Secrets",
            "name": "userpwd-HenryBlack001",
            "not_before_date": null,
            "resource_id": "/subscriptions/2e3ed960-fc0a-49ce-ad4b-05febbbb6f7c/resourceGroups/rg-SharedResources/providers/Microsoft.KeyVault/vaults/kv-azou8506-Secrets/secrets/userpwd-HenryBlack001/versions/0b67a7ce30aa46ddb06968944f9defd0",
            "resource_versionless_id": "/subscriptions/2e3ed960-fc0a-49ce-ad4b-05febbbb6f7c/resourceGroups/rg-SharedResources/providers/Microsoft.KeyVault/vaults/kv-azou8506-Secrets/secrets/userpwd-HenryBlack001",
            "tags": {
              "file-encoding": "utf-8"
            },
            "timeouts": null,
            "value": "HammerBlue%%44BR",
            "version": "0b67a7ce30aa46ddb06968944f9defd0",
            "versionless_id": "https://kv-azou8506-secrets.vault.azure.net/secrets/userpwd-HenryBlack001"
          },
          "sensitive_attributes": [
            [
              {
                "type": "get_attr",
                "value": "value"
              }
            ]
          ],
          "identity_schema_version": 0
        },
        {
          "index_key": "IvyScott001",
          "schema_version": 0,
          "attributes": {
            "content_type": "",
            "expiration_date": null,
            "id": "https://kv-azou8506-secrets.vault.azure.net/secrets/userpwd-IvyScott001/4053f7e2bd724f259c43cd812927597f",
            "key_vault_id": "/subscriptions/2e3ed960-fc0a-49ce-ad4b-05febbbb6f7c/resourceGroups/rg-SharedResources/providers/Microsoft.KeyVault/vaults/kv-azou8506-Secrets",
            "name": "userpwd-IvyScott001",
            "not_before_date": null,
            "resource_id": "/subscriptions/2e3ed960-fc0a-49ce-ad4b-05febbbb6f7c/resourceGroups/rg-SharedResources/providers/Microsoft.KeyVault/vaults/kv-azou8506-Secrets/secrets/userpwd-IvyScott001/versions/4053f7e2bd724f259c43cd812927597f",
            "resource_versionless_id": "/subscriptions/2e3ed960-fc0a-49ce-ad4b-05febbbb6f7c/resourceGroups/rg-SharedResources/providers/Microsoft.KeyVault/vaults/kv-azou8506-Secrets/secrets/userpwd-IvyScott001",
            "tags": {
              "file-encoding": "utf-8"
            },
            "timeouts": null,
            "value": "77GoldenZEFire%%",
            "version": "4053f7e2bd724f259c43cd812927597f",
            "versionless_id": "https://kv-azou8506-secrets.vault.azure.net/secrets/userpwd-IvyScott001"
          },
          "sensitive_attributes": [
            [
              {
                "type": "get_attr",
                "value": "value"
              }
            ]
          ],
          "identity_schema_version": 0
        },
        {
          "index_key": "JackWilson001",
          "schema_version": 0,
          "attributes": {
            "content_type": "",
            "expiration_date": null,
            "id": "https://kv-azou8506-secrets.vault.azure.net/secrets/userpwd-JackWilson001/31cdd1a54e734d448284a4a6a316d3a9",
            "key_vault_id": "/subscriptions/2e3ed960-fc0a-49ce-ad4b-05febbbb6f7c/resourceGroups/rg-SharedResources/providers/Microsoft.KeyVault/vaults/kv-azou8506-Secrets",
            "name": "userpwd-JackWilson001",
            "not_before_date": null,
            "resource_id": "/subscriptions/2e3ed960-fc0a-49ce-ad4b-05febbbb6f7c/resourceGroups/rg-SharedResources/providers/Microsoft.KeyVault/vaults/kv-azou8506-Secrets/secrets/userpwd-JackWilson001/versions/31cdd1a54e734d448284a4a6a316d3a9",
            "resource_versionless_id": "/subscriptions/2e3ed960-fc0a-49ce-ad4b-05febbbb6f7c/resourceGroups/rg-SharedResources/providers/Microsoft.KeyVault/vaults/kv-azou8506-Secrets/secrets/userpwd-JackWilson001",
            "tags": {
              "file-encoding": "utf-8"
            },
            "timeouts": null,
            "value": "34RedBird33AU@@",
            "version": "31cdd1a54e734d448284a4a6a316d3a9",
            "versionless_id": "https://kv-azou8506-secrets.vault.azure.net/secrets/userpwd-JackWilson001"
          },
          "sensitive_attributes": [
            [
              {
                "type": "get_attr",
                "value": "value"
              }
            ]
          ],
          "identity_schema_version": 0
        }
      ]
    },
    {
      "mode": "data",
      "type": "azurerm_monitor_diagnostic_categories",
      "name": "kv_diagnostics_categories",
      "provider": "provider[\"registry.terraform.io/hashicorp/azurerm\"]",
      "instances": [
        {
          "schema_version": 0,
          "attributes": {
            "id": "/subscriptions/2e3ed960-fc0a-49ce-ad4b-05febbbb6f7c/resourceGroups/rg-SharedResources/providers/Microsoft.KeyVault/vaults/kv-azou8506-Secrets",
            "log_category_groups": [
              "allLogs",
              "audit"
            ],
            "log_category_types": [
              "AuditEvent",
              "AzurePolicyEvaluationDetails"
            ],
            "logs": [
              "AuditEvent",
              "AzurePolicyEvaluationDetails"
            ],
            "metrics": [
              "AllMetrics"
            ],
            "resource_id": "/subscriptions/2e3ed960-fc0a-49ce-ad4b-05febbbb6f7c/resourceGroups/rg-SharedResources/providers/Microsoft.KeyVault/vaults/kv-azou8506-Secrets",
            "timeouts": null
          },
          "sensitive_attributes": [],
          "identity_schema_version": 0
        }
      ]
    },
    {
      "mode": "managed",
      "type": "azuread_group",
      "name": "this",
      "provider": "provider[\"registry.terraform.io/hashicorp/azuread\"]",
      "instances": [
        {
          "index_key": "L-Application-Devs",
          "schema_version": 1,
          "attributes": {
            "administrative_unit_ids": [],
            "assignable_to_role": false,
            "auto_subscribe_new_members": false,
            "behaviors": [],
            "description": "Application Developers group",
            "display_name": "L-Application-Devs",
            "dynamic_membership": [],
            "external_senders_allowed": false,
            "hide_from_address_lists": false,
            "hide_from_outlook_clients": false,
            "id": "/groups/6a3cfb16-6c1c-472d-ad61-f2725edac6b0",
            "mail": "",
            "mail_enabled": false,
            "mail_nickname": "L-Application-Devs-mailnick",
            "members": [],
            "object_id": "6a3cfb16-6c1c-472d-ad61-f2725edac6b0",
            "onpremises_domain_name": "",
            "onpremises_group_type": "",
            "onpremises_netbios_name": "",
            "onpremises_sam_account_name": "",
            "onpremises_security_identifier": "",
            "onpremises_sync_enabled": false,
            "owners": [
              "118b8568-3666-422d-bbd3-afe1dbf0c253"
            ],
            "preferred_language": "",
            "prevent_duplicate_names": false,
            "provisioning_options": [],
            "proxy_addresses": [],
            "security_enabled": true,
            "theme": "",
            "timeouts": null,
            "types": [],
            "visibility": "",
            "writeback_enabled": false
          },
          "sensitive_attributes": [],
          "identity_schema_version": 0,
          "private": "eyJlMmJmYjczMC1lY2FhLTExZTYtOGY4OC0zNDM2M2JjN2M0YzAiOnsiY3JlYXRlIjoxMjAwMDAwMDAwMDAwLCJkZWxldGUiOjMwMDAwMDAwMDAwMCwicmVhZCI6MzAwMDAwMDAwMDAwLCJ1cGRhdGUiOjEyMDAwMDAwMDAwMDB9LCJzY2hlbWFfdmVyc2lvbiI6IjEifQ=="
        },
        {
          "index_key": "L-Security-Admins",
          "schema_version": 1,
          "attributes": {
            "administrative_unit_ids": [],
            "assignable_to_role": false,
            "auto_subscribe_new_members": false,
            "behaviors": [],
            "description": "Security Administrators group",
            "display_name": "L-Security-Admins",
            "dynamic_membership": [],
            "external_senders_allowed": false,
            "hide_from_address_lists": false,
            "hide_from_outlook_clients": false,
            "id": "/groups/50943068-14b8-47b7-9c80-a7846e31df7a",
            "mail": "",
            "mail_enabled": false,
            "mail_nickname": "L-Security-Admins-mailnick",
            "members": [],
            "object_id": "50943068-14b8-47b7-9c80-a7846e31df7a",
            "onpremises_domain_name": "",
            "onpremises_group_type": "",
            "onpremises_netbios_name": "",
            "onpremises_sam_account_name": "",
            "onpremises_security_identifier": "",
            "onpremises_sync_enabled": false,
            "owners": [
              "118b8568-3666-422d-bbd3-afe1dbf0c253"
            ],
            "preferred_language": "",
            "prevent_duplicate_names": false,
            "provisioning_options": [],
            "proxy_addresses": [],
            "security_enabled": true,
            "theme": "",
            "timeouts": null,
            "types": [],
            "visibility": "",
            "writeback_enabled": false
          },
          "sensitive_attributes": [],
          "identity_schema_version": 0,
          "private": "eyJlMmJmYjczMC1lY2FhLTExZTYtOGY4OC0zNDM2M2JjN2M0YzAiOnsiY3JlYXRlIjoxMjAwMDAwMDAwMDAwLCJkZWxldGUiOjMwMDAwMDAwMDAwMCwicmVhZCI6MzAwMDAwMDAwMDAwLCJ1cGRhdGUiOjEyMDAwMDAwMDAwMDB9LCJzY2hlbWFfdmVyc2lvbiI6IjEifQ=="
        },
        {
          "index_key": "L-VM-Admins",
          "schema_version": 1,
          "attributes": {
            "administrative_unit_ids": [],
            "assignable_to_role": false,
            "auto_subscribe_new_members": false,
            "behaviors": [],
            "description": "VM Administrators group",
            "display_name": "L-VM-Admins",
            "dynamic_membership": [],
            "external_senders_allowed": false,
            "hide_from_address_lists": false,
            "hide_from_outlook_clients": false,
            "id": "/groups/b2f62b00-e867-4b8c-bec1-1d24f785c77c",
            "mail": "",
            "mail_enabled": false,
            "mail_nickname": "L-VM-Admins-mailnick",
            "members": [],
            "object_id": "b2f62b00-e867-4b8c-bec1-1d24f785c77c",
            "onpremises_domain_name": "",
            "onpremises_group_type": "",
            "onpremises_netbios_name": "",
            "onpremises_sam_account_name": "",
            "onpremises_security_identifier": "",
            "onpremises_sync_enabled": false,
            "owners": [
              "118b8568-3666-422d-bbd3-afe1dbf0c253"
            ],
            "preferred_language": "",
            "prevent_duplicate_names": false,
            "provisioning_options": [],
            "proxy_addresses": [],
            "security_enabled": true,
            "theme": "",
            "timeouts": null,
            "types": [],
            "visibility": "",
            "writeback_enabled": false
          },
          "sensitive_attributes": [],
          "identity_schema_version": 0,
          "private": "eyJlMmJmYjczMC1lY2FhLTExZTYtOGY4OC0zNDM2M2JjN2M0YzAiOnsiY3JlYXRlIjoxMjAwMDAwMDAwMDAwLCJkZWxldGUiOjMwMDAwMDAwMDAwMCwicmVhZCI6MzAwMDAwMDAwMDAwLCJ1cGRhdGUiOjEyMDAwMDAwMDAwMDB9LCJzY2hlbWFfdmVyc2lvbiI6IjEifQ=="
        },
        {
          "index_key": "L-VM-Users",
          "schema_version": 1,
          "attributes": {
            "administrative_unit_ids": [],
            "assignable_to_role": false,
            "auto_subscribe_new_members": false,
            "behaviors": [],
            "description": "Lab VM Users group",
            "display_name": "L-VM-Users",
            "dynamic_membership": [],
            "external_senders_allowed": false,
            "hide_from_address_lists": false,
            "hide_from_outlook_clients": false,
            "id": "/groups/1e765e5c-158a-4cb2-adb5-846870f0ba44",
            "mail": "",
            "mail_enabled": false,
            "mail_nickname": "L-VM-Users-mailnick",
            "members": [],
            "object_id": "1e765e5c-158a-4cb2-adb5-846870f0ba44",
            "onpremises_domain_name": "",
            "onpremises_group_type": "",
            "onpremises_netbios_name": "",
            "onpremises_sam_account_name": "",
            "onpremises_security_identifier": "",
            "onpremises_sync_enabled": false,
            "owners": [
              "118b8568-3666-422d-bbd3-afe1dbf0c253"
            ],
            "preferred_language": "",
            "prevent_duplicate_names": false,
            "provisioning_options": [],
            "proxy_addresses": [],
            "security_enabled": true,
            "theme": "",
            "timeouts": null,
            "types": [],
            "visibility": "",
            "writeback_enabled": false
          },
          "sensitive_attributes": [],
          "identity_schema_version": 0,
          "private": "eyJlMmJmYjczMC1lY2FhLTExZTYtOGY4OC0zNDM2M2JjN2M0YzAiOnsiY3JlYXRlIjoxMjAwMDAwMDAwMDAwLCJkZWxldGUiOjMwMDAwMDAwMDAwMCwicmVhZCI6MzAwMDAwMDAwMDAwLCJ1cGRhdGUiOjEyMDAwMDAwMDAwMDB9LCJzY2hlbWFfdmVyc2lvbiI6IjEifQ=="
        },
        {
          "index_key": "RB-Administrators",
          "schema_version": 1,
          "attributes": {
            "administrative_unit_ids": [],
            "assignable_to_role": false,
            "auto_subscribe_new_members": false,
            "behaviors": [],
            "description": "Role Based Administrators group",
            "display_name": "RB-Administrators",
            "dynamic_membership": [],
            "external_senders_allowed": false,
            "hide_from_address_lists": false,
            "hide_from_outlook_clients": false,
            "id": "/groups/ee39e992-81c5-4c2a-a44d-8692ffe0431b",
            "mail": "",
            "mail_enabled": false,
            "mail_nickname": "RB-Administrators-mailnick",
            "members": [
              "50943068-14b8-47b7-9c80-a7846e31df7a",
              "6a3cfb16-6c1c-472d-ad61-f2725edac6b0",
              "8a5b9130-8c59-4721-9a14-8d23d6816ebf",
              "b2f62b00-e867-4b8c-bec1-1d24f785c77c",
              "b4dea4a7-935c-4ae1-bab3-bdbab3089b7d",
              "dd46040e-0eeb-49c8-87e2-6f508081699b"
            ],
            "object_id": "ee39e992-81c5-4c2a-a44d-8692ffe0431b",
            "onpremises_domain_name": "",
            "onpremises_group_type": "",
            "onpremises_netbios_name": "",
            "onpremises_sam_account_name": "",
            "onpremises_security_identifier": "",
            "onpremises_sync_enabled": false,
            "owners": [
              "118b8568-3666-422d-bbd3-afe1dbf0c253"
            ],
            "preferred_language": "",
            "prevent_duplicate_names": false,
            "provisioning_options": [],
            "proxy_addresses": [],
            "security_enabled": true,
            "theme": "",
            "timeouts": null,
            "types": [],
            "visibility": "",
            "writeback_enabled": false
          },
          "sensitive_attributes": [],
          "identity_schema_version": 0,
          "private": "eyJlMmJmYjczMC1lY2FhLTExZTYtOGY4OC0zNDM2M2JjN2M0YzAiOnsiY3JlYXRlIjoxMjAwMDAwMDAwMDAwLCJkZWxldGUiOjMwMDAwMDAwMDAwMCwicmVhZCI6MzAwMDAwMDAwMDAwLCJ1cGRhdGUiOjEyMDAwMDAwMDAwMDB9LCJzY2hlbWFfdmVyc2lvbiI6IjEifQ=="
        },
        {
          "index_key": "RB-ChiefTechnologyOfficers",
          "schema_version": 1,
          "attributes": {
            "administrative_unit_ids": [],
            "assignable_to_role": false,
            "auto_subscribe_new_members": false,
            "behaviors": [],
            "description": "Role Based Chief Technology Officers group",
            "display_name": "RB-ChiefTechnologyOfficers",
            "dynamic_membership": [],
            "external_senders_allowed": false,
            "hide_from_address_lists": false,
            "hide_from_outlook_clients": false,
            "id": "/groups/cd8499e0-9cc0-4690-beb5-206d4012e3c1",
            "mail": "",
            "mail_enabled": false,
            "mail_nickname": "RB-ChiefTechnologyOfficers-mailnick",
            "members": [],
            "object_id": "cd8499e0-9cc0-4690-beb5-206d4012e3c1",
            "onpremises_domain_name": "",
            "onpremises_group_type": "",
            "onpremises_netbios_name": "",
            "onpremises_sam_account_name": "",
            "onpremises_security_identifier": "",
            "onpremises_sync_enabled": false,
            "owners": [
              "118b8568-3666-422d-bbd3-afe1dbf0c253"
            ],
            "preferred_language": "",
            "prevent_duplicate_names": false,
            "provisioning_options": [],
            "proxy_addresses": [],
            "security_enabled": true,
            "theme": "",
            "timeouts": null,
            "types": [],
            "visibility": "",
            "writeback_enabled": false
          },
          "sensitive_attributes": [],
          "identity_schema_version": 0,
          "private": "eyJlMmJmYjczMC1lY2FhLTExZTYtOGY4OC0zNDM2M2JjN2M0YzAiOnsiY3JlYXRlIjoxMjAwMDAwMDAwMDAwLCJkZWxldGUiOjMwMDAwMDAwMDAwMCwicmVhZCI6MzAwMDAwMDAwMDAwLCJ1cGRhdGUiOjEyMDAwMDAwMDAwMDB9LCJzY2hlbWFfdmVyc2lvbiI6IjEifQ=="
        },
        {
          "index_key": "RB-Developers",
          "schema_version": 1,
          "attributes": {
            "administrative_unit_ids": [],
            "assignable_to_role": false,
            "auto_subscribe_new_members": false,
            "behaviors": [],
            "description": "Role Based Developers group",
            "display_name": "RB-Developers",
            "dynamic_membership": [],
            "external_senders_allowed": false,
            "hide_from_address_lists": false,
            "hide_from_outlook_clients": false,
            "id": "/groups/35f485e9-27ab-4795-86f7-41243d6be236",
            "mail": "",
            "mail_enabled": false,
            "mail_nickname": "RB-Developers-mailnick",
            "members": [
              "1e765e5c-158a-4cb2-adb5-846870f0ba44",
              "6a3cfb16-6c1c-472d-ad61-f2725edac6b0",
              "72d49a58-b74e-4ee8-8b68-3d28db1b1bce",
              "a788f0be-8ec4-48be-a64c-bbf68ed06ef8",
              "bc4eee97-1b1d-46ba-89ac-febfc4267578",
              "fbd55f03-c3cd-4e85-a1ae-48ce89f591fa"
            ],
            "object_id": "35f485e9-27ab-4795-86f7-41243d6be236",
            "onpremises_domain_name": "",
            "onpremises_group_type": "",
            "onpremises_netbios_name": "",
            "onpremises_sam_account_name": "",
            "onpremises_security_identifier": "",
            "onpremises_sync_enabled": false,
            "owners": [
              "118b8568-3666-422d-bbd3-afe1dbf0c253"
            ],
            "preferred_language": "",
            "prevent_duplicate_names": false,
            "provisioning_options": [],
            "proxy_addresses": [],
            "security_enabled": true,
            "theme": "",
            "timeouts": null,
            "types": [],
            "visibility": "",
            "writeback_enabled": false
          },
          "sensitive_attributes": [],
          "identity_schema_version": 0,
          "private": "eyJlMmJmYjczMC1lY2FhLTExZTYtOGY4OC0zNDM2M2JjN2M0YzAiOnsiY3JlYXRlIjoxMjAwMDAwMDAwMDAwLCJkZWxldGUiOjMwMDAwMDAwMDAwMCwicmVhZCI6MzAwMDAwMDAwMDAwLCJ1cGRhdGUiOjEyMDAwMDAwMDAwMDB9LCJzY2hlbWFfdmVyc2lvbiI6IjEifQ=="
        },
        {
          "index_key": "RB-Managers",
          "schema_version": 1,
          "attributes": {
            "administrative_unit_ids": [],
            "assignable_to_role": false,
            "auto_subscribe_new_members": false,
            "behaviors": [],
            "description": "Role Based Managers group",
            "display_name": "RB-Managers",
            "dynamic_membership": [],
            "external_senders_allowed": false,
            "hide_from_address_lists": false,
            "hide_from_outlook_clients": false,
            "id": "/groups/2d77c4e7-7692-4cfb-ba5b-daa1a2b4148c",
            "mail": "",
            "mail_enabled": false,
            "mail_nickname": "RB-Managers-mailnick",
            "members": [
              "2dc14934-4e87-44e7-8e8f-cec4717a8935",
              "67316a93-d5b2-49cf-b174-6447be9e0323",
              "6f3b10d9-684c-4d38-a966-7e61f3c68230",
              "7960df32-96f8-455e-87b0-e1c5c3bcd4ee"
            ],
            "object_id": "2d77c4e7-7692-4cfb-ba5b-daa1a2b4148c",
            "onpremises_domain_name": "",
            "onpremises_group_type": "",
            "onpremises_netbios_name": "",
            "onpremises_sam_account_name": "",
            "onpremises_security_identifier": "",
            "onpremises_sync_enabled": false,
            "owners": [
              "118b8568-3666-422d-bbd3-afe1dbf0c253"
            ],
            "preferred_language": "",
            "prevent_duplicate_names": false,
            "provisioning_options": [],
            "proxy_addresses": [],
            "security_enabled": true,
            "theme": "",
            "timeouts": null,
            "types": [],
            "visibility": "",
            "writeback_enabled": false
          },
          "sensitive_attributes": [],
          "identity_schema_version": 0,
          "private": "eyJlMmJmYjczMC1lY2FhLTExZTYtOGY4OC0zNDM2M2JjN2M0YzAiOnsiY3JlYXRlIjoxMjAwMDAwMDAwMDAwLCJkZWxldGUiOjMwMDAwMDAwMDAwMCwicmVhZCI6MzAwMDAwMDAwMDAwLCJ1cGRhdGUiOjEyMDAwMDAwMDAwMDB9LCJzY2hlbWFfdmVyc2lvbiI6IjEifQ=="
        },
        {
          "index_key": "RB-ServiceAccounts",
          "schema_version": 1,
          "attributes": {
            "administrative_unit_ids": [],
            "assignable_to_role": false,
            "auto_subscribe_new_members": false,
            "behaviors": [],
            "description": "Role Based Service Accounts group",
            "display_name": "RB-ServiceAccounts",
            "dynamic_membership": [],
            "external_senders_allowed": false,
            "hide_from_address_lists": false,
            "hide_from_outlook_clients": false,
            "id": "/groups/4ac806a3-4eac-44e3-8024-3d869a3b3d72",
            "mail": "",
            "mail_enabled": false,
            "mail_nickname": "RB-ServiceAccounts-mailnick",
            "members": [],
            "object_id": "4ac806a3-4eac-44e3-8024-3d869a3b3d72",
            "onpremises_domain_name": "",
            "onpremises_group_type": "",
            "onpremises_netbios_name": "",
            "onpremises_sam_account_name": "",
            "onpremises_security_identifier": "",
            "onpremises_sync_enabled": false,
            "owners": [
              "118b8568-3666-422d-bbd3-afe1dbf0c253"
            ],
            "preferred_language": "",
            "prevent_duplicate_names": false,
            "provisioning_options": [],
            "proxy_addresses": [],
            "security_enabled": true,
            "theme": "",
            "timeouts": null,
            "types": [],
            "visibility": "",
            "writeback_enabled": false
          },
          "sensitive_attributes": [],
          "identity_schema_version": 0,
          "private": "eyJlMmJmYjczMC1lY2FhLTExZTYtOGY4OC0zNDM2M2JjN2M0YzAiOnsiY3JlYXRlIjoxMjAwMDAwMDAwMDAwLCJkZWxldGUiOjMwMDAwMDAwMDAwMCwicmVhZCI6MzAwMDAwMDAwMDAwLCJ1cGRhdGUiOjEyMDAwMDAwMDAwMDB9LCJzY2hlbWFfdmVyc2lvbiI6IjEifQ=="
        }
      ]
    },
    {
      "mode": "managed",
      "type": "azuread_group_member",
      "name": "L_group_assignments",
      "provider": "provider[\"registry.terraform.io/hashicorp/azuread\"]",
      "instances": [
        {
          "index_key": "L-Application-Devs-RB-Administrators",
          "schema_version": 0,
          "attributes": {
            "group_object_id": "ee39e992-81c5-4c2a-a44d-8692ffe0431b",
            "id": "ee39e992-81c5-4c2a-a44d-8692ffe0431b/member/6a3cfb16-6c1c-472d-ad61-f2725edac6b0",
            "member_object_id": "6a3cfb16-6c1c-472d-ad61-f2725edac6b0",
            "timeouts": null
          },
          "sensitive_attributes": [],
          "identity_schema_version": 0,
          "private": "eyJlMmJmYjczMC1lY2FhLTExZTYtOGY4OC0zNDM2M2JjN2M0YzAiOnsiY3JlYXRlIjozMDAwMDAwMDAwMDAsImRlbGV0ZSI6MzAwMDAwMDAwMDAwLCJyZWFkIjozMDAwMDAwMDAwMDB9fQ==",
          "dependencies": [
            "azuread_group.this"
          ]
        },
        {
          "index_key": "L-Application-Devs-RB-Developers",
          "schema_version": 0,
          "attributes": {
            "group_object_id": "35f485e9-27ab-4795-86f7-41243d6be236",
            "id": "35f485e9-27ab-4795-86f7-41243d6be236/member/6a3cfb16-6c1c-472d-ad61-f2725edac6b0",
            "member_object_id": "6a3cfb16-6c1c-472d-ad61-f2725edac6b0",
            "timeouts": null
          },
          "sensitive_attributes": [],
          "identity_schema_version": 0,
          "private": "eyJlMmJmYjczMC1lY2FhLTExZTYtOGY4OC0zNDM2M2JjN2M0YzAiOnsiY3JlYXRlIjozMDAwMDAwMDAwMDAsImRlbGV0ZSI6MzAwMDAwMDAwMDAwLCJyZWFkIjozMDAwMDAwMDAwMDB9fQ==",
          "dependencies": [
            "azuread_group.this"
          ]
        },
        {
          "index_key": "L-Security-Admins-RB-Administrators",
          "schema_version": 0,
          "attributes": {
            "group_object_id": "ee39e992-81c5-4c2a-a44d-8692ffe0431b",
            "id": "ee39e992-81c5-4c2a-a44d-8692ffe0431b/member/50943068-14b8-47b7-9c80-a7846e31df7a",
            "member_object_id": "50943068-14b8-47b7-9c80-a7846e31df7a",
            "timeouts": null
          },
          "sensitive_attributes": [],
          "identity_schema_version": 0,
          "private": "eyJlMmJmYjczMC1lY2FhLTExZTYtOGY4OC0zNDM2M2JjN2M0YzAiOnsiY3JlYXRlIjozMDAwMDAwMDAwMDAsImRlbGV0ZSI6MzAwMDAwMDAwMDAwLCJyZWFkIjozMDAwMDAwMDAwMDB9fQ==",
          "dependencies": [
            "azuread_group.this"
          ]
        },
        {
          "index_key": "L-VM-Admins-RB-Administrators",
          "schema_version": 0,
          "attributes": {
            "group_object_id": "ee39e992-81c5-4c2a-a44d-8692ffe0431b",
            "id": "ee39e992-81c5-4c2a-a44d-8692ffe0431b/member/b2f62b00-e867-4b8c-bec1-1d24f785c77c",
            "member_object_id": "b2f62b00-e867-4b8c-bec1-1d24f785c77c",
            "timeouts": null
          },
          "sensitive_attributes": [],
          "identity_schema_version": 0,
          "private": "eyJlMmJmYjczMC1lY2FhLTExZTYtOGY4OC0zNDM2M2JjN2M0YzAiOnsiY3JlYXRlIjozMDAwMDAwMDAwMDAsImRlbGV0ZSI6MzAwMDAwMDAwMDAwLCJyZWFkIjozMDAwMDAwMDAwMDB9fQ==",
          "dependencies": [
            "azuread_group.this"
          ]
        },
        {
          "index_key": "L-VM-Users-RB-Developers",
          "schema_version": 0,
          "attributes": {
            "group_object_id": "35f485e9-27ab-4795-86f7-41243d6be236",
            "id": "35f485e9-27ab-4795-86f7-41243d6be236/member/1e765e5c-158a-4cb2-adb5-846870f0ba44",
            "member_object_id": "1e765e5c-158a-4cb2-adb5-846870f0ba44",
            "timeouts": null
          },
          "sensitive_attributes": [],
          "identity_schema_version": 0,
          "private": "eyJlMmJmYjczMC1lY2FhLTExZTYtOGY4OC0zNDM2M2JjN2M0YzAiOnsiY3JlYXRlIjozMDAwMDAwMDAwMDAsImRlbGV0ZSI6MzAwMDAwMDAwMDAwLCJyZWFkIjozMDAwMDAwMDAwMDB9fQ==",
          "dependencies": [
            "azuread_group.this"
          ]
        }
      ]
    },
    {
      "mode": "managed",
      "type": "azuread_group_member",
      "name": "user_rb_assignments",
      "provider": "provider[\"registry.terraform.io/hashicorp/azuread\"]",
      "instances": [
        {
          "index_key": "AliceSmith001",
          "schema_version": 0,
          "attributes": {
            "group_object_id": "ee39e992-81c5-4c2a-a44d-8692ffe0431b",
            "id": "ee39e992-81c5-4c2a-a44d-8692ffe0431b/member/8a5b9130-8c59-4721-9a14-8d23d6816ebf",
            "member_object_id": "8a5b9130-8c59-4721-9a14-8d23d6816ebf",
            "timeouts": null
          },
          "sensitive_attributes": [],
          "identity_schema_version": 0,
          "private": "eyJlMmJmYjczMC1lY2FhLTExZTYtOGY4OC0zNDM2M2JjN2M0YzAiOnsiY3JlYXRlIjozMDAwMDAwMDAwMDAsImRlbGV0ZSI6MzAwMDAwMDAwMDAwLCJyZWFkIjozMDAwMDAwMDAwMDB9fQ==",
          "dependencies": [
            "azuread_group.this",
            "azuread_user.this",
            "azurerm_key_vault.user_password_kv",
            "data.azurerm_key_vault_secret.user_passwords"
          ]
        },
        {
          "index_key": "AliceSmith002",
          "schema_version": 0,
          "attributes": {
            "group_object_id": "2d77c4e7-7692-4cfb-ba5b-daa1a2b4148c",
            "id": "2d77c4e7-7692-4cfb-ba5b-daa1a2b4148c/member/6f3b10d9-684c-4d38-a966-7e61f3c68230",
            "member_object_id": "6f3b10d9-684c-4d38-a966-7e61f3c68230",
            "timeouts": null
          },
          "sensitive_attributes": [],
          "identity_schema_version": 0,
          "private": "eyJlMmJmYjczMC1lY2FhLTExZTYtOGY4OC0zNDM2M2JjN2M0YzAiOnsiY3JlYXRlIjozMDAwMDAwMDAwMDAsImRlbGV0ZSI6MzAwMDAwMDAwMDAwLCJyZWFkIjozMDAwMDAwMDAwMDB9fQ==",
          "dependencies": [
            "azuread_group.this",
            "azuread_user.this",
            "azurerm_key_vault.user_password_kv",
            "data.azurerm_key_vault_secret.user_passwords"
          ]
        },
        {
          "index_key": "BobJohnson001",
          "schema_version": 0,
          "attributes": {
            "group_object_id": "2d77c4e7-7692-4cfb-ba5b-daa1a2b4148c",
            "id": "2d77c4e7-7692-4cfb-ba5b-daa1a2b4148c/member/7960df32-96f8-455e-87b0-e1c5c3bcd4ee",
            "member_object_id": "7960df32-96f8-455e-87b0-e1c5c3bcd4ee",
            "timeouts": null
          },
          "sensitive_attributes": [],
          "identity_schema_version": 0,
          "private": "eyJlMmJmYjczMC1lY2FhLTExZTYtOGY4OC0zNDM2M2JjN2M0YzAiOnsiY3JlYXRlIjozMDAwMDAwMDAwMDAsImRlbGV0ZSI6MzAwMDAwMDAwMDAwLCJyZWFkIjozMDAwMDAwMDAwMDB9fQ==",
          "dependencies": [
            "azuread_group.this",
            "azuread_user.this",
            "azurerm_key_vault.user_password_kv",
            "data.azurerm_key_vault_secret.user_passwords"
          ]
        },
        {
          "index_key": "CarolLee001",
          "schema_version": 0,
          "attributes": {
            "group_object_id": "2d77c4e7-7692-4cfb-ba5b-daa1a2b4148c",
            "id": "2d77c4e7-7692-4cfb-ba5b-daa1a2b4148c/member/67316a93-d5b2-49cf-b174-6447be9e0323",
            "member_object_id": "67316a93-d5b2-49cf-b174-6447be9e0323",
            "timeouts": null
          },
          "sensitive_attributes": [],
          "identity_schema_version": 0,
          "private": "eyJlMmJmYjczMC1lY2FhLTExZTYtOGY4OC0zNDM2M2JjN2M0YzAiOnsiY3JlYXRlIjozMDAwMDAwMDAwMDAsImRlbGV0ZSI6MzAwMDAwMDAwMDAwLCJyZWFkIjozMDAwMDAwMDAwMDB9fQ==",
          "dependencies": [
            "azuread_group.this",
            "azuread_user.this",
            "azurerm_key_vault.user_password_kv",
            "data.azurerm_key_vault_secret.user_passwords"
          ]
        },
        {
          "index_key": "DavidKim001",
          "schema_version": 0,
          "attributes": {
            "group_object_id": "35f485e9-27ab-4795-86f7-41243d6be236",
            "id": "35f485e9-27ab-4795-86f7-41243d6be236/member/72d49a58-b74e-4ee8-8b68-3d28db1b1bce",
            "member_object_id": "72d49a58-b74e-4ee8-8b68-3d28db1b1bce",
            "timeouts": null
          },
          "sensitive_attributes": [],
          "identity_schema_version": 0,
          "private": "eyJlMmJmYjczMC1lY2FhLTExZTYtOGY4OC0zNDM2M2JjN2M0YzAiOnsiY3JlYXRlIjozMDAwMDAwMDAwMDAsImRlbGV0ZSI6MzAwMDAwMDAwMDAwLCJyZWFkIjozMDAwMDAwMDAwMDB9fQ==",
          "dependencies": [
            "azuread_group.this",
            "azuread_user.this",
            "azurerm_key_vault.user_password_kv",
            "data.azurerm_key_vault_secret.user_passwords"
          ]
        },
        {
          "index_key": "EvaBrown001",
          "schema_version": 0,
          "attributes": {
            "group_object_id": "2d77c4e7-7692-4cfb-ba5b-daa1a2b4148c",
            "id": "2d77c4e7-7692-4cfb-ba5b-daa1a2b4148c/member/2dc14934-4e87-44e7-8e8f-cec4717a8935",
            "member_object_id": "2dc14934-4e87-44e7-8e8f-cec4717a8935",
            "timeouts": null
          },
          "sensitive_attributes": [],
          "identity_schema_version": 0,
          "private": "eyJlMmJmYjczMC1lY2FhLTExZTYtOGY4OC0zNDM2M2JjN2M0YzAiOnsiY3JlYXRlIjozMDAwMDAwMDAwMDAsImRlbGV0ZSI6MzAwMDAwMDAwMDAwLCJyZWFkIjozMDAwMDAwMDAwMDB9fQ==",
          "dependencies": [
            "azuread_group.this",
            "azuread_user.this",
            "azurerm_key_vault.user_password_kv",
            "data.azurerm_key_vault_secret.user_passwords"
          ]
        },
        {
          "index_key": "FrankGreen001",
          "schema_version": 0,
          "attributes": {
            "group_object_id": "35f485e9-27ab-4795-86f7-41243d6be236",
            "id": "35f485e9-27ab-4795-86f7-41243d6be236/member/fbd55f03-c3cd-4e85-a1ae-48ce89f591fa",
            "member_object_id": "fbd55f03-c3cd-4e85-a1ae-48ce89f591fa",
            "timeouts": null
          },
          "sensitive_attributes": [],
          "identity_schema_version": 0,
          "private": "eyJlMmJmYjczMC1lY2FhLTExZTYtOGY4OC0zNDM2M2JjN2M0YzAiOnsiY3JlYXRlIjozMDAwMDAwMDAwMDAsImRlbGV0ZSI6MzAwMDAwMDAwMDAwLCJyZWFkIjozMDAwMDAwMDAwMDB9fQ==",
          "dependencies": [
            "azuread_group.this",
            "azuread_user.this",
            "azurerm_key_vault.user_password_kv",
            "data.azurerm_key_vault_secret.user_passwords"
          ]
        },
        {
          "index_key": "GraceWhite001",
          "schema_version": 0,
          "attributes": {
            "group_object_id": "35f485e9-27ab-4795-86f7-41243d6be236",
            "id": "35f485e9-27ab-4795-86f7-41243d6be236/member/bc4eee97-1b1d-46ba-89ac-febfc4267578",
            "member_object_id": "bc4eee97-1b1d-46ba-89ac-febfc4267578",
            "timeouts": null
          },
          "sensitive_attributes": [],
          "identity_schema_version": 0,
          "private": "eyJlMmJmYjczMC1lY2FhLTExZTYtOGY4OC0zNDM2M2JjN2M0YzAiOnsiY3JlYXRlIjozMDAwMDAwMDAwMDAsImRlbGV0ZSI6MzAwMDAwMDAwMDAwLCJyZWFkIjozMDAwMDAwMDAwMDB9fQ==",
          "dependencies": [
            "azuread_group.this",
            "azuread_user.this",
            "azurerm_key_vault.user_password_kv",
            "data.azurerm_key_vault_secret.user_passwords"
          ]
        },
        {
          "index_key": "HenryBlack001",
          "schema_version": 0,
          "attributes": {
            "group_object_id": "ee39e992-81c5-4c2a-a44d-8692ffe0431b",
            "id": "ee39e992-81c5-4c2a-a44d-8692ffe0431b/member/dd46040e-0eeb-49c8-87e2-6f508081699b",
            "member_object_id": "dd46040e-0eeb-49c8-87e2-6f508081699b",
            "timeouts": null
          },
          "sensitive_attributes": [],
          "identity_schema_version": 0,
          "private": "eyJlMmJmYjczMC1lY2FhLTExZTYtOGY4OC0zNDM2M2JjN2M0YzAiOnsiY3JlYXRlIjozMDAwMDAwMDAwMDAsImRlbGV0ZSI6MzAwMDAwMDAwMDAwLCJyZWFkIjozMDAwMDAwMDAwMDB9fQ==",
          "dependencies": [
            "azuread_group.this",
            "azuread_user.this",
            "azurerm_key_vault.user_password_kv",
            "data.azurerm_key_vault_secret.user_passwords"
          ]
        },
        {
          "index_key": "IvyScott001",
          "schema_version": 0,
          "attributes": {
            "group_object_id": "ee39e992-81c5-4c2a-a44d-8692ffe0431b",
            "id": "ee39e992-81c5-4c2a-a44d-8692ffe0431b/member/b4dea4a7-935c-4ae1-bab3-bdbab3089b7d",
            "member_object_id": "b4dea4a7-935c-4ae1-bab3-bdbab3089b7d",
            "timeouts": null
          },
          "sensitive_attributes": [],
          "identity_schema_version": 0,
          "private": "eyJlMmJmYjczMC1lY2FhLTExZTYtOGY4OC0zNDM2M2JjN2M0YzAiOnsiY3JlYXRlIjozMDAwMDAwMDAwMDAsImRlbGV0ZSI6MzAwMDAwMDAwMDAwLCJyZWFkIjozMDAwMDAwMDAwMDB9fQ==",
          "dependencies": [
            "azuread_group.this",
            "azuread_user.this",
            "azurerm_key_vault.user_password_kv",
            "data.azurerm_key_vault_secret.user_passwords"
          ]
        },
        {
          "index_key": "JackWilson001",
          "schema_version": 0,
          "attributes": {
            "group_object_id": "35f485e9-27ab-4795-86f7-41243d6be236",
            "id": "35f485e9-27ab-4795-86f7-41243d6be236/member/a788f0be-8ec4-48be-a64c-bbf68ed06ef8",
            "member_object_id": "a788f0be-8ec4-48be-a64c-bbf68ed06ef8",
            "timeouts": null
          },
          "sensitive_attributes": [],
          "identity_schema_version": 0,
          "private": "eyJlMmJmYjczMC1lY2FhLTExZTYtOGY4OC0zNDM2M2JjN2M0YzAiOnsiY3JlYXRlIjozMDAwMDAwMDAwMDAsImRlbGV0ZSI6MzAwMDAwMDAwMDAwLCJyZWFkIjozMDAwMDAwMDAwMDB9fQ==",
          "dependencies": [
            "azuread_group.this",
            "azuread_user.this",
            "azurerm_key_vault.user_password_kv",
            "data.azurerm_key_vault_secret.user_passwords"
          ]
        }
      ]
    },
    {
      "mode": "managed",
      "type": "azuread_user",
      "name": "this",
      "provider": "provider[\"registry.terraform.io/hashicorp/azuread\"]",
      "instances": [
        {
          "index_key": "AliceSmith001",
          "schema_version": 1,
          "attributes": {
            "about_me": "",
            "account_enabled": true,
            "age_group": "",
            "business_phones": [],
            "city": "",
            "company_name": "",
            "consent_provided_for_minor": "",
            "cost_center": "",
            "country": "",
            "creation_type": "",
            "department": "",
            "disable_password_expiration": false,
            "disable_strong_password": false,
            "display_name": "Alice Smith",
            "division": "",
            "employee_hire_date": "",
            "employee_id": "",
            "employee_type": "",
            "external_user_state": "",
            "fax_number": "",
            "force_password_change": false,
            "given_name": "",
            "id": "/users/8a5b9130-8c59-4721-9a14-8d23d6816ebf",
            "im_addresses": [],
            "job_title": "",
            "mail": "",
            "mail_nickname": "AliceSmith001",
            "manager_id": "",
            "mobile_phone": "",
            "object_id": "8a5b9130-8c59-4721-9a14-8d23d6816ebf",
            "office_location": "",
            "onpremises_distinguished_name": "",
            "onpremises_domain_name": "",
            "onpremises_immutable_id": "",
            "onpremises_sam_account_name": "",
            "onpremises_security_identifier": "",
            "onpremises_sync_enabled": false,
            "onpremises_user_principal_name": "",
            "other_mails": [],
            "password": "99BrownCHFire##",
            "postal_code": "",
            "preferred_language": "",
            "proxy_addresses": [],
            "show_in_address_list": true,
            "state": "",
            "street_address": "",
            "surname": "",
            "timeouts": null,
            "usage_location": "",
            "user_principal_name": "AliceSmith001@azou8506gmail.onmicrosoft.com",
            "user_type": ""
          },
          "sensitive_attributes": [
            [
              {
                "type": "get_attr",
                "value": "password"
              }
            ]
          ],
          "identity_schema_version": 0,
          "private": "eyJlMmJmYjczMC1lY2FhLTExZTYtOGY4OC0zNDM2M2JjN2M0YzAiOnsiY3JlYXRlIjozMDAwMDAwMDAwMDAsImRlbGV0ZSI6MzAwMDAwMDAwMDAwLCJyZWFkIjozMDAwMDAwMDAwMDAsInVwZGF0ZSI6MzAwMDAwMDAwMDAwfSwic2NoZW1hX3ZlcnNpb24iOiIxIn0=",
          "dependencies": [
            "azuread_group.this",
            "azurerm_key_vault.user_password_kv",
            "data.azurerm_key_vault_secret.user_passwords"
          ]
        },
        {
          "index_key": "AliceSmith002",
          "schema_version": 1,
          "attributes": {
            "about_me": "",
            "account_enabled": true,
            "age_group": "",
            "business_phones": [],
            "city": "",
            "company_name": "",
            "consent_provided_for_minor": "",
            "cost_center": "",
            "country": "",
            "creation_type": "",
            "department": "",
            "disable_password_expiration": false,
            "disable_strong_password": false,
            "display_name": "Alice Smith",
            "division": "",
            "employee_hire_date": "",
            "employee_id": "",
            "employee_type": "",
            "external_user_state": "",
            "fax_number": "",
            "force_password_change": false,
            "given_name": "",
            "id": "/users/6f3b10d9-684c-4d38-a966-7e61f3c68230",
            "im_addresses": [],
            "job_title": "",
            "mail": "",
            "mail_nickname": "AliceSmith002",
            "manager_id": "",
            "mobile_phone": "",
            "object_id": "6f3b10d9-684c-4d38-a966-7e61f3c68230",
            "office_location": "",
            "onpremises_distinguished_name": "",
            "onpremises_domain_name": "",
            "onpremises_immutable_id": "",
            "onpremises_sam_account_name": "",
            "onpremises_security_identifier": "",
            "onpremises_sync_enabled": false,
            "onpremises_user_principal_name": "",
            "other_mails": [],
            "password": "ZEGolden23@@Thunder",
            "postal_code": "",
            "preferred_language": "",
            "proxy_addresses": [],
            "show_in_address_list": true,
            "state": "",
            "street_address": "",
            "surname": "",
            "timeouts": null,
            "usage_location": "",
            "user_principal_name": "AliceSmith002@azou8506gmail.onmicrosoft.com",
            "user_type": ""
          },
          "sensitive_attributes": [
            [
              {
                "type": "get_attr",
                "value": "password"
              }
            ]
          ],
          "identity_schema_version": 0,
          "private": "eyJlMmJmYjczMC1lY2FhLTExZTYtOGY4OC0zNDM2M2JjN2M0YzAiOnsiY3JlYXRlIjozMDAwMDAwMDAwMDAsImRlbGV0ZSI6MzAwMDAwMDAwMDAwLCJyZWFkIjozMDAwMDAwMDAwMDAsInVwZGF0ZSI6MzAwMDAwMDAwMDAwfSwic2NoZW1hX3ZlcnNpb24iOiIxIn0=",
          "dependencies": [
            "azuread_group.this",
            "azurerm_key_vault.user_password_kv",
            "data.azurerm_key_vault_secret.user_passwords"
          ]
        },
        {
          "index_key": "BobJohnson001",
          "schema_version": 1,
          "attributes": {
            "about_me": "",
            "account_enabled": true,
            "age_group": "",
            "business_phones": [],
            "city": "",
            "company_name": "",
            "consent_provided_for_minor": "",
            "cost_center": "",
            "country": "",
            "creation_type": "",
            "department": "",
            "disable_password_expiration": false,
            "disable_strong_password": false,
            "display_name": "Bob Johnson",
            "division": "",
            "employee_hire_date": "",
            "employee_id": "",
            "employee_type": "",
            "external_user_state": "",
            "fax_number": "",
            "force_password_change": false,
            "given_name": "",
            "id": "/users/7960df32-96f8-455e-87b0-e1c5c3bcd4ee",
            "im_addresses": [],
            "job_title": "",
            "mail": "",
            "mail_nickname": "BobJohnson001",
            "manager_id": "",
            "mobile_phone": "",
            "object_id": "7960df32-96f8-455e-87b0-e1c5c3bcd4ee",
            "office_location": "",
            "onpremises_distinguished_name": "",
            "onpremises_domain_name": "",
            "onpremises_immutable_id": "",
            "onpremises_sam_account_name": "",
            "onpremises_security_identifier": "",
            "onpremises_sync_enabled": false,
            "onpremises_user_principal_name": "",
            "other_mails": [],
            "password": "US+Fish55Black",
            "postal_code": "",
            "preferred_language": "",
            "proxy_addresses": [],
            "show_in_address_list": true,
            "state": "",
            "street_address": "",
            "surname": "",
            "timeouts": null,
            "usage_location": "",
            "user_principal_name": "BobJohnson001@azou8506gmail.onmicrosoft.com",
            "user_type": ""
          },
          "sensitive_attributes": [
            [
              {
                "type": "get_attr",
                "value": "password"
              }
            ]
          ],
          "identity_schema_version": 0,
          "private": "eyJlMmJmYjczMC1lY2FhLTExZTYtOGY4OC0zNDM2M2JjN2M0YzAiOnsiY3JlYXRlIjozMDAwMDAwMDAwMDAsImRlbGV0ZSI6MzAwMDAwMDAwMDAwLCJyZWFkIjozMDAwMDAwMDAwMDAsInVwZGF0ZSI6MzAwMDAwMDAwMDAwfSwic2NoZW1hX3ZlcnNpb24iOiIxIn0=",
          "dependencies": [
            "azuread_group.this",
            "azurerm_key_vault.user_password_kv",
            "data.azurerm_key_vault_secret.user_passwords"
          ]
        },
        {
          "index_key": "CarolLee001",
          "schema_version": 1,
          "attributes": {
            "about_me": "",
            "account_enabled": true,
            "age_group": "",
            "business_phones": [],
            "city": "",
            "company_name": "",
            "consent_provided_for_minor": "",
            "cost_center": "",
            "country": "",
            "creation_type": "",
            "department": "",
            "disable_password_expiration": false,
            "disable_strong_password": false,
            "display_name": "Carol Lee",
            "division": "",
            "employee_hire_date": "",
            "employee_id": "",
            "employee_type": "",
            "external_user_state": "",
            "fax_number": "",
            "force_password_change": false,
            "given_name": "",
            "id": "/users/67316a93-d5b2-49cf-b174-6447be9e0323",
            "im_addresses": [],
            "job_title": "",
            "mail": "",
            "mail_nickname": "CarolLee001",
            "manager_id": "",
            "mobile_phone": "",
            "object_id": "67316a93-d5b2-49cf-b174-6447be9e0323",
            "office_location": "",
            "onpremises_distinguished_name": "",
            "onpremises_domain_name": "",
            "onpremises_immutable_id": "",
            "onpremises_sam_account_name": "",
            "onpremises_security_identifier": "",
            "onpremises_sync_enabled": false,
            "onpremises_user_principal_name": "",
            "other_mails": [],
            "password": "%%OceanWhite55BR",
            "postal_code": "",
            "preferred_language": "",
            "proxy_addresses": [],
            "show_in_address_list": true,
            "state": "",
            "street_address": "",
            "surname": "",
            "timeouts": null,
            "usage_location": "",
            "user_principal_name": "CarolLee001@azou8506gmail.onmicrosoft.com",
            "user_type": ""
          },
          "sensitive_attributes": [
            [
              {
                "type": "get_attr",
                "value": "password"
              }
            ]
          ],
          "identity_schema_version": 0,
          "private": "eyJlMmJmYjczMC1lY2FhLTExZTYtOGY4OC0zNDM2M2JjN2M0YzAiOnsiY3JlYXRlIjozMDAwMDAwMDAwMDAsImRlbGV0ZSI6MzAwMDAwMDAwMDAwLCJyZWFkIjozMDAwMDAwMDAwMDAsInVwZGF0ZSI6MzAwMDAwMDAwMDAwfSwic2NoZW1hX3ZlcnNpb24iOiIxIn0=",
          "dependencies": [
            "azuread_group.this",
            "azurerm_key_vault.user_password_kv",
            "data.azurerm_key_vault_secret.user_passwords"
          ]
        },
        {
          "index_key": "DavidKim001",
          "schema_version": 1,
          "attributes": {
            "about_me": "",
            "account_enabled": true,
            "age_group": "",
            "business_phones": [],
            "city": "",
            "company_name": "",
            "consent_provided_for_minor": "",
            "cost_center": "",
            "country": "",
            "creation_type": "",
            "department": "",
            "disable_password_expiration": false,
            "disable_strong_password": false,
            "display_name": "David Kim",
            "division": "",
            "employee_hire_date": "",
            "employee_id": "",
            "employee_type": "",
            "external_user_state": "",
            "fax_number": "",
            "force_password_change": false,
            "given_name": "",
            "id": "/users/72d49a58-b74e-4ee8-8b68-3d28db1b1bce",
            "im_addresses": [],
            "job_title": "",
            "mail": "",
            "mail_nickname": "DavidKim001",
            "manager_id": "",
            "mobile_phone": "",
            "object_id": "72d49a58-b74e-4ee8-8b68-3d28db1b1bce",
            "office_location": "",
            "onpremises_distinguished_name": "",
            "onpremises_domain_name": "",
            "onpremises_immutable_id": "",
            "onpremises_sam_account_name": "",
            "onpremises_security_identifier": "",
            "onpremises_sync_enabled": false,
            "onpremises_user_principal_name": "",
            "other_mails": [],
            "password": "%%GrassBrown12ZE",
            "postal_code": "",
            "preferred_language": "",
            "proxy_addresses": [],
            "show_in_address_list": true,
            "state": "",
            "street_address": "",
            "surname": "",
            "timeouts": null,
            "usage_location": "",
            "user_principal_name": "DavidKim001@azou8506gmail.onmicrosoft.com",
            "user_type": ""
          },
          "sensitive_attributes": [
            [
              {
                "type": "get_attr",
                "value": "password"
              }
            ]
          ],
          "identity_schema_version": 0,
          "private": "eyJlMmJmYjczMC1lY2FhLTExZTYtOGY4OC0zNDM2M2JjN2M0YzAiOnsiY3JlYXRlIjozMDAwMDAwMDAwMDAsImRlbGV0ZSI6MzAwMDAwMDAwMDAwLCJyZWFkIjozMDAwMDAwMDAwMDAsInVwZGF0ZSI6MzAwMDAwMDAwMDAwfSwic2NoZW1hX3ZlcnNpb24iOiIxIn0=",
          "dependencies": [
            "azuread_group.this",
            "azurerm_key_vault.user_password_kv",
            "data.azurerm_key_vault_secret.user_passwords"
          ]
        },
        {
          "index_key": "EvaBrown001",
          "schema_version": 1,
          "attributes": {
            "about_me": "",
            "account_enabled": true,
            "age_group": "",
            "business_phones": [],
            "city": "",
            "company_name": "",
            "consent_provided_for_minor": "",
            "cost_center": "",
            "country": "",
            "creation_type": "",
            "department": "",
            "disable_password_expiration": false,
            "disable_strong_password": false,
            "display_name": "Eva Brown",
            "division": "",
            "employee_hire_date": "",
            "employee_id": "",
            "employee_type": "",
            "external_user_state": "",
            "fax_number": "",
            "force_password_change": false,
            "given_name": "",
            "id": "/users/2dc14934-4e87-44e7-8e8f-cec4717a8935",
            "im_addresses": [],
            "job_title": "",
            "mail": "",
            "mail_nickname": "EvaBrown001",
            "manager_id": "",
            "mobile_phone": "",
            "object_id": "2dc14934-4e87-44e7-8e8f-cec4717a8935",
            "office_location": "",
            "onpremises_distinguished_name": "",
            "onpremises_domain_name": "",
            "onpremises_immutable_id": "",
            "onpremises_sam_account_name": "",
            "onpremises_security_identifier": "",
            "onpremises_sync_enabled": false,
            "onpremises_user_principal_name": "",
            "other_mails": [],
            "password": "HammerPK22Pink%",
            "postal_code": "",
            "preferred_language": "",
            "proxy_addresses": [],
            "show_in_address_list": true,
            "state": "",
            "street_address": "",
            "surname": "",
            "timeouts": null,
            "usage_location": "",
            "user_principal_name": "EvaBrown001@azou8506gmail.onmicrosoft.com",
            "user_type": ""
          },
          "sensitive_attributes": [
            [
              {
                "type": "get_attr",
                "value": "password"
              }
            ]
          ],
          "identity_schema_version": 0,
          "private": "eyJlMmJmYjczMC1lY2FhLTExZTYtOGY4OC0zNDM2M2JjN2M0YzAiOnsiY3JlYXRlIjozMDAwMDAwMDAwMDAsImRlbGV0ZSI6MzAwMDAwMDAwMDAwLCJyZWFkIjozMDAwMDAwMDAwMDAsInVwZGF0ZSI6MzAwMDAwMDAwMDAwfSwic2NoZW1hX3ZlcnNpb24iOiIxIn0=",
          "dependencies": [
            "azuread_group.this",
            "azurerm_key_vault.user_password_kv",
            "data.azurerm_key_vault_secret.user_passwords"
          ]
        },
        {
          "index_key": "FrankGreen001",
          "schema_version": 1,
          "attributes": {
            "about_me": "",
            "account_enabled": true,
            "age_group": "",
            "business_phones": [],
            "city": "",
            "company_name": "",
            "consent_provided_for_minor": "",
            "cost_center": "",
            "country": "",
            "creation_type": "",
            "department": "",
            "disable_password_expiration": false,
            "disable_strong_password": false,
            "display_name": "Frank Green",
            "division": "",
            "employee_hire_date": "",
            "employee_id": "",
            "employee_type": "",
            "external_user_state": "",
            "fax_number": "",
            "force_password_change": false,
            "given_name": "",
            "id": "/users/fbd55f03-c3cd-4e85-a1ae-48ce89f591fa",
            "im_addresses": [],
            "job_title": "",
            "mail": "",
            "mail_nickname": "FrankGreen001",
            "manager_id": "",
            "mobile_phone": "",
            "object_id": "fbd55f03-c3cd-4e85-a1ae-48ce89f591fa",
            "office_location": "",
            "onpremises_distinguished_name": "",
            "onpremises_domain_name": "",
            "onpremises_immutable_id": "",
            "onpremises_sam_account_name": "",
            "onpremises_security_identifier": "",
            "onpremises_sync_enabled": false,
            "onpremises_user_principal_name": "",
            "other_mails": [],
            "password": "@@Black33OceanUK",
            "postal_code": "",
            "preferred_language": "",
            "proxy_addresses": [],
            "show_in_address_list": true,
            "state": "",
            "street_address": "",
            "surname": "",
            "timeouts": null,
            "usage_location": "",
            "user_principal_name": "FrankGreen001@azou8506gmail.onmicrosoft.com",
            "user_type": ""
          },
          "sensitive_attributes": [
            [
              {
                "type": "get_attr",
                "value": "password"
              }
            ]
          ],
          "identity_schema_version": 0,
          "private": "eyJlMmJmYjczMC1lY2FhLTExZTYtOGY4OC0zNDM2M2JjN2M0YzAiOnsiY3JlYXRlIjozMDAwMDAwMDAwMDAsImRlbGV0ZSI6MzAwMDAwMDAwMDAwLCJyZWFkIjozMDAwMDAwMDAwMDAsInVwZGF0ZSI6MzAwMDAwMDAwMDAwfSwic2NoZW1hX3ZlcnNpb24iOiIxIn0=",
          "dependencies": [
            "azuread_group.this",
            "azurerm_key_vault.user_password_kv",
            "data.azurerm_key_vault_secret.user_passwords"
          ]
        },
        {
          "index_key": "GraceWhite001",
          "schema_version": 1,
          "attributes": {
            "about_me": "",
            "account_enabled": true,
            "age_group": "",
            "business_phones": [],
            "city": "",
            "company_name": "",
            "consent_provided_for_minor": "",
            "cost_center": "",
            "country": "",
            "creation_type": "",
            "department": "",
            "disable_password_expiration": false,
            "disable_strong_password": false,
            "display_name": "Grace White",
            "division": "",
            "employee_hire_date": "",
            "employee_id": "",
            "employee_type": "",
            "external_user_state": "",
            "fax_number": "",
            "force_password_change": false,
            "given_name": "",
            "id": "/users/bc4eee97-1b1d-46ba-89ac-febfc4267578",
            "im_addresses": [],
            "job_title": "",
            "mail": "",
            "mail_nickname": "GraceWhite001",
            "manager_id": "",
            "mobile_phone": "",
            "object_id": "bc4eee97-1b1d-46ba-89ac-febfc4267578",
            "office_location": "",
            "onpremises_distinguished_name": "",
            "onpremises_domain_name": "",
            "onpremises_immutable_id": "",
            "onpremises_sam_account_name": "",
            "onpremises_security_identifier": "",
            "onpremises_sync_enabled": false,
            "onpremises_user_principal_name": "",
            "other_mails": [],
            "password": "HammerBlack999UK",
            "postal_code": "",
            "preferred_language": "",
            "proxy_addresses": [],
            "show_in_address_list": true,
            "state": "",
            "street_address": "",
            "surname": "",
            "timeouts": null,
            "usage_location": "",
            "user_principal_name": "GraceWhite001@azou8506gmail.onmicrosoft.com",
            "user_type": ""
          },
          "sensitive_attributes": [
            [
              {
                "type": "get_attr",
                "value": "password"
              }
            ]
          ],
          "identity_schema_version": 0,
          "private": "eyJlMmJmYjczMC1lY2FhLTExZTYtOGY4OC0zNDM2M2JjN2M0YzAiOnsiY3JlYXRlIjozMDAwMDAwMDAwMDAsImRlbGV0ZSI6MzAwMDAwMDAwMDAwLCJyZWFkIjozMDAwMDAwMDAwMDAsInVwZGF0ZSI6MzAwMDAwMDAwMDAwfSwic2NoZW1hX3ZlcnNpb24iOiIxIn0=",
          "dependencies": [
            "azuread_group.this",
            "azurerm_key_vault.user_password_kv",
            "data.azurerm_key_vault_secret.user_passwords"
          ]
        },
        {
          "index_key": "HenryBlack001",
          "schema_version": 1,
          "attributes": {
            "about_me": "",
            "account_enabled": true,
            "age_group": "",
            "business_phones": [],
            "city": "",
            "company_name": "",
            "consent_provided_for_minor": "",
            "cost_center": "",
            "country": "",
            "creation_type": "",
            "department": "",
            "disable_password_expiration": false,
            "disable_strong_password": false,
            "display_name": "Henry Black",
            "division": "",
            "employee_hire_date": "",
            "employee_id": "",
            "employee_type": "",
            "external_user_state": "",
            "fax_number": "",
            "force_password_change": false,
            "given_name": "",
            "id": "/users/dd46040e-0eeb-49c8-87e2-6f508081699b",
            "im_addresses": [],
            "job_title": "",
            "mail": "",
            "mail_nickname": "HenryBlack001",
            "manager_id": "",
            "mobile_phone": "",
            "object_id": "dd46040e-0eeb-49c8-87e2-6f508081699b",
            "office_location": "",
            "onpremises_distinguished_name": "",
            "onpremises_domain_name": "",
            "onpremises_immutable_id": "",
            "onpremises_sam_account_name": "",
            "onpremises_security_identifier": "",
            "onpremises_sync_enabled": false,
            "onpremises_user_principal_name": "",
            "other_mails": [],
            "password": "HammerBlue%%44BR",
            "postal_code": "",
            "preferred_language": "",
            "proxy_addresses": [],
            "show_in_address_list": true,
            "state": "",
            "street_address": "",
            "surname": "",
            "timeouts": null,
            "usage_location": "",
            "user_principal_name": "HenryBlack001@azou8506gmail.onmicrosoft.com",
            "user_type": ""
          },
          "sensitive_attributes": [
            [
              {
                "type": "get_attr",
                "value": "password"
              }
            ]
          ],
          "identity_schema_version": 0,
          "private": "eyJlMmJmYjczMC1lY2FhLTExZTYtOGY4OC0zNDM2M2JjN2M0YzAiOnsiY3JlYXRlIjozMDAwMDAwMDAwMDAsImRlbGV0ZSI6MzAwMDAwMDAwMDAwLCJyZWFkIjozMDAwMDAwMDAwMDAsInVwZGF0ZSI6MzAwMDAwMDAwMDAwfSwic2NoZW1hX3ZlcnNpb24iOiIxIn0=",
          "dependencies": [
            "azuread_group.this",
            "azurerm_key_vault.user_password_kv",
            "data.azurerm_key_vault_secret.user_passwords"
          ]
        },
        {
          "index_key": "IvyScott001",
          "schema_version": 1,
          "attributes": {
            "about_me": "",
            "account_enabled": true,
            "age_group": "",
            "business_phones": [],
            "city": "",
            "company_name": "",
            "consent_provided_for_minor": "",
            "cost_center": "",
            "country": "",
            "creation_type": "",
            "department": "",
            "disable_password_expiration": false,
            "disable_strong_password": false,
            "display_name": "Ivy Scott",
            "division": "",
            "employee_hire_date": "",
            "employee_id": "",
            "employee_type": "",
            "external_user_state": "",
            "fax_number": "",
            "force_password_change": false,
            "given_name": "",
            "id": "/users/b4dea4a7-935c-4ae1-bab3-bdbab3089b7d",
            "im_addresses": [],
            "job_title": "",
            "mail": "",
            "mail_nickname": "IvyScott001",
            "manager_id": "",
            "mobile_phone": "",
            "object_id": "b4dea4a7-935c-4ae1-bab3-bdbab3089b7d",
            "office_location": "",
            "onpremises_distinguished_name": "",
            "onpremises_domain_name": "",
            "onpremises_immutable_id": "",
            "onpremises_sam_account_name": "",
            "onpremises_security_identifier": "",
            "onpremises_sync_enabled": false,
            "onpremises_user_principal_name": "",
            "other_mails": [],
            "password": "77GoldenZEFire%%",
            "postal_code": "",
            "preferred_language": "",
            "proxy_addresses": [],
            "show_in_address_list": true,
            "state": "",
            "street_address": "",
            "surname": "",
            "timeouts": null,
            "usage_location": "",
            "user_principal_name": "IvyScott001@azou8506gmail.onmicrosoft.com",
            "user_type": ""
          },
          "sensitive_attributes": [
            [
              {
                "type": "get_attr",
                "value": "password"
              }
            ]
          ],
          "identity_schema_version": 0,
          "private": "eyJlMmJmYjczMC1lY2FhLTExZTYtOGY4OC0zNDM2M2JjN2M0YzAiOnsiY3JlYXRlIjozMDAwMDAwMDAwMDAsImRlbGV0ZSI6MzAwMDAwMDAwMDAwLCJyZWFkIjozMDAwMDAwMDAwMDAsInVwZGF0ZSI6MzAwMDAwMDAwMDAwfSwic2NoZW1hX3ZlcnNpb24iOiIxIn0=",
          "dependencies": [
            "azuread_group.this",
            "azurerm_key_vault.user_password_kv",
            "data.azurerm_key_vault_secret.user_passwords"
          ]
        },
        {
          "index_key": "JackWilson001",
          "schema_version": 1,
          "attributes": {
            "about_me": "",
            "account_enabled": true,
            "age_group": "",
            "business_phones": [],
            "city": "",
            "company_name": "",
            "consent_provided_for_minor": "",
            "cost_center": "",
            "country": "",
            "creation_type": "",
            "department": "",
            "disable_password_expiration": false,
            "disable_strong_password": false,
            "display_name": "Jack Wilson",
            "division": "",
            "employee_hire_date": "",
            "employee_id": "",
            "employee_type": "",
            "external_user_state": "",
            "fax_number": "",
            "force_password_change": false,
            "given_name": "",
            "id": "/users/a788f0be-8ec4-48be-a64c-bbf68ed06ef8",
            "im_addresses": [],
            "job_title": "",
            "mail": "",
            "mail_nickname": "JackWilson001",
            "manager_id": "",
            "mobile_phone": "",
            "object_id": "a788f0be-8ec4-48be-a64c-bbf68ed06ef8",
            "office_location": "",
            "onpremises_distinguished_name": "",
            "onpremises_domain_name": "",
            "onpremises_immutable_id": "",
            "onpremises_sam_account_name": "",
            "onpremises_security_identifier": "",
            "onpremises_sync_enabled": false,
            "onpremises_user_principal_name": "",
            "other_mails": [],
            "password": "34RedBird33AU@@",
            "postal_code": "",
            "preferred_language": "",
            "proxy_addresses": [],
            "show_in_address_list": true,
            "state": "",
            "street_address": "",
            "surname": "",
            "timeouts": null,
            "usage_location": "",
            "user_principal_name": "JackWilson001@azou8506gmail.onmicrosoft.com",
            "user_type": ""
          },
          "sensitive_attributes": [
            [
              {
                "type": "get_attr",
                "value": "password"
              }
            ]
          ],
          "identity_schema_version": 0,
          "private": "eyJlMmJmYjczMC1lY2FhLTExZTYtOGY4OC0zNDM2M2JjN2M0YzAiOnsiY3JlYXRlIjozMDAwMDAwMDAwMDAsImRlbGV0ZSI6MzAwMDAwMDAwMDAwLCJyZWFkIjozMDAwMDAwMDAwMDAsInVwZGF0ZSI6MzAwMDAwMDAwMDAwfSwic2NoZW1hX3ZlcnNpb24iOiIxIn0=",
          "dependencies": [
            "azuread_group.this",
            "azurerm_key_vault.user_password_kv",
            "data.azurerm_key_vault_secret.user_passwords"
          ]
        }
      ]
    },
    {
      "mode": "managed",
      "type": "azurerm_key_vault",
      "name": "user_password_kv",
      "provider": "provider[\"registry.terraform.io/hashicorp/azurerm\"]",
      "instances": [
        {
          "schema_version": 2,
          "attributes": {
            "access_policy": [],
            "contact": [],
            "enable_rbac_authorization": true,
            "enabled_for_deployment": false,
            "enabled_for_disk_encryption": false,
            "enabled_for_template_deployment": false,
            "id": "/subscriptions/2e3ed960-fc0a-49ce-ad4b-05febbbb6f7c/resourceGroups/rg-SharedResources/providers/Microsoft.KeyVault/vaults/kv-azou8506-Secrets",
            "location": "canadacentral",
            "name": "kv-azou8506-Secrets",
            "network_acls": [
              {
                "bypass": "AzureServices",
                "default_action": "Allow",
                "ip_rules": [],
                "virtual_network_subnet_ids": []
              }
            ],
            "public_network_access_enabled": true,
            "purge_protection_enabled": true,
            "resource_group_name": "rg-SharedResources",
            "sku_name": "standard",
            "soft_delete_retention_days": 7,
            "tags": {},
            "tenant_id": "06a247ad-057d-464f-b7ea-d3c3aae3d0eb",
            "timeouts": null,
            "vault_uri": "https://kv-azou8506-secrets.vault.azure.net/"
          },
          "sensitive_attributes": [],
          "identity_schema_version": 0,
          "private": "eyJlMmJmYjczMC1lY2FhLTExZTYtOGY4OC0zNDM2M2JjN2M0YzAiOnsiY3JlYXRlIjoxODAwMDAwMDAwMDAwLCJkZWxldGUiOjE4MDAwMDAwMDAwMDAsInJlYWQiOjMwMDAwMDAwMDAwMCwidXBkYXRlIjoxODAwMDAwMDAwMDAwfSwic2NoZW1hX3ZlcnNpb24iOiIyIn0=",
          "dependencies": [
            "azuread_group.this"
          ]
        }
      ]
    },
    {
      "mode": "managed",
      "type": "azurerm_log_analytics_workspace",
      "name": "this",
      "provider": "provider[\"registry.terraform.io/hashicorp/azurerm\"]",
      "instances": [
        {
          "schema_version": 3,
          "attributes": {
            "allow_resource_only_permissions": true,
            "cmk_for_query_forced": false,
            "daily_quota_gb": -1,
            "data_collection_rule_id": "",
            "id": "/subscriptions/2e3ed960-fc0a-49ce-ad4b-05febbbb6f7c/resourceGroups/rg-SharedResources/providers/Microsoft.OperationalInsights/workspaces/law-resourceMonitoring",
            "identity": [],
            "immediate_data_purge_on_30_days_enabled": false,
            "internet_ingestion_enabled": true,
            "internet_query_enabled": true,
            "local_authentication_disabled": false,
            "location": "canadacentral",
            "name": "law-resourceMonitoring",
            "primary_shared_key": "Rn8lJhmKQU5Ko8ky3OuwCpl3kvD4Fs7DH51/9VL0WO9LQeoukYQM1m2rJk9po07FXvn2OnCaN/toTbpkUM94DQ==",
            "reservation_capacity_in_gb_per_day": null,
            "resource_group_name": "rg-SharedResources",
            "retention_in_days": 30,
            "secondary_shared_key": "9xroNb0oeKd+DpIlAeaAGcg5vfrPgno9C0pUCiCLjtS/wYG8klwm2OSCjTrwMKPd9Fz3LVa2Cm6zpqd6ar7u/w==",
            "sku": "PerGB2018",
            "tags": {},
            "timeouts": null,
            "workspace_id": "4aa031c5-c686-4569-aaf7-fd43565758da"
          },
          "sensitive_attributes": [
            [
              {
                "type": "get_attr",
                "value": "primary_shared_key"
              }
            ],
            [
              {
                "type": "get_attr",
                "value": "secondary_shared_key"
              }
            ]
          ],
          "identity_schema_version": 0,
          "private": "eyJlMmJmYjczMC1lY2FhLTExZTYtOGY4OC0zNDM2M2JjN2M0YzAiOnsiY3JlYXRlIjoxODAwMDAwMDAwMDAwLCJkZWxldGUiOjE4MDAwMDAwMDAwMDAsInJlYWQiOjMwMDAwMDAwMDAwMCwidXBkYXRlIjoxODAwMDAwMDAwMDAwfSwic2NoZW1hX3ZlcnNpb24iOiIzIn0="
        }
      ]
    },
    {
      "mode": "managed",
      "type": "azurerm_monitor_diagnostic_setting",
      "name": "kv_diagnostics",
      "provider": "provider[\"registry.terraform.io/hashicorp/azurerm\"]",
      "instances": [
        {
          "schema_version": 0,
          "attributes": {
            "enabled_log": [
              {
                "category": "",
                "category_group": "audit",
                "retention_policy": [
                  {
                    "days": 0,
                    "enabled": false
                  }
                ]
              }
            ],
            "eventhub_authorization_rule_id": "",
            "eventhub_name": "",
            "id": "/subscriptions/2e3ed960-fc0a-49ce-ad4b-05febbbb6f7c/resourceGroups/rg-SharedResources/providers/Microsoft.KeyVault/vaults/kv-azou8506-Secrets|diag-kv-logs",
            "log": [
              {
                "category": "",
                "category_group": "allLogs",
                "enabled": false,
                "retention_policy": [
                  {
                    "days": 0,
                    "enabled": false
                  }
                ]
              },
              {
                "category": "",
                "category_group": "audit",
                "enabled": true,
                "retention_policy": [
                  {
                    "days": 0,
                    "enabled": false
                  }
                ]
              }
            ],
            "log_analytics_destination_type": "Dedicated",
            "log_analytics_workspace_id": "/subscriptions/2e3ed960-fc0a-49ce-ad4b-05febbbb6f7c/resourceGroups/rg-SharedResources/providers/Microsoft.OperationalInsights/workspaces/law-resourceMonitoring",
            "metric": [],
            "name": "diag-kv-logs",
            "partner_solution_id": null,
            "storage_account_id": null,
            "target_resource_id": "/subscriptions/2e3ed960-fc0a-49ce-ad4b-05febbbb6f7c/resourceGroups/rg-SharedResources/providers/Microsoft.KeyVault/vaults/kv-azou8506-Secrets",
            "timeouts": null
          },
          "sensitive_attributes": [],
          "identity_schema_version": 0,
          "private": "eyJlMmJmYjczMC1lY2FhLTExZTYtOGY4OC0zNDM2M2JjN2M0YzAiOnsiY3JlYXRlIjoxODAwMDAwMDAwMDAwLCJkZWxldGUiOjM2MDAwMDAwMDAwMDAsInJlYWQiOjMwMDAwMDAwMDAwMCwidXBkYXRlIjoxODAwMDAwMDAwMDAwfX0=",
          "dependencies": [
            "azuread_group.this",
            "azurerm_key_vault.user_password_kv",
            "azurerm_log_analytics_workspace.this"
          ]
        }
      ]
    },
    {
      "mode": "managed",
      "type": "azurerm_resource_group",
      "name": "dev_rgs",
      "provider": "provider[\"registry.terraform.io/hashicorp/azurerm\"]",
      "instances": [
        {
          "index_key": "rg-VMInfrastructure-dev",
          "schema_version": 0,
          "attributes": {
            "id": "/subscriptions/2e3ed960-fc0a-49ce-ad4b-05febbbb6f7c/resourceGroups/rg-VMInfrastructure-dev",
            "location": "canadacentral",
            "managed_by": "",
            "name": "rg-VMInfrastructure-dev",
            "tags": {
              "BU": "SoftwareCICD",
              "TypeOfEnvironement": "Development"
            },
            "timeouts": null
          },
          "sensitive_attributes": [],
          "identity_schema_version": 0,
          "private": "eyJlMmJmYjczMC1lY2FhLTExZTYtOGY4OC0zNDM2M2JjN2M0YzAiOnsiY3JlYXRlIjo1NDAwMDAwMDAwMDAwLCJkZWxldGUiOjU0MDAwMDAwMDAwMDAsInJlYWQiOjMwMDAwMDAwMDAwMCwidXBkYXRlIjo1NDAwMDAwMDAwMDAwfX0="
        },
        {
          "index_key": "rg-VMInfrastructure-prod",
          "schema_version": 0,
          "attributes": {
            "id": "/subscriptions/2e3ed960-fc0a-49ce-ad4b-05febbbb6f7c/resourceGroups/rg-VMInfrastructure-prod",
            "location": "canadacentral",
            "managed_by": "",
            "name": "rg-VMInfrastructure-prod",
            "tags": {
              "BU": "SoftwareCICD",
              "TypeOfEnvironement": "Production"
            },
            "timeouts": null
          },
          "sensitive_attributes": [],
          "identity_schema_version": 0,
          "private": "eyJlMmJmYjczMC1lY2FhLTExZTYtOGY4OC0zNDM2M2JjN2M0YzAiOnsiY3JlYXRlIjo1NDAwMDAwMDAwMDAwLCJkZWxldGUiOjU0MDAwMDAwMDAwMDAsInJlYWQiOjMwMDAwMDAwMDAwMCwidXBkYXRlIjo1NDAwMDAwMDAwMDAwfX0="
        },
        {
          "index_key": "rg-VMInfrastructure-staging",
          "schema_version": 0,
          "attributes": {
            "id": "/subscriptions/2e3ed960-fc0a-49ce-ad4b-05febbbb6f7c/resourceGroups/rg-VMInfrastructure-staging",
            "location": "canadacentral",
            "managed_by": "",
            "name": "rg-VMInfrastructure-staging",
            "tags": {
              "BU": "SoftwareCICD",
              "TypeOfEnvironement": "Staging"
            },
            "timeouts": null
          },
          "sensitive_attributes": [],
          "identity_schema_version": 0,
          "private": "eyJlMmJmYjczMC1lY2FhLTExZTYtOGY4OC0zNDM2M2JjN2M0YzAiOnsiY3JlYXRlIjo1NDAwMDAwMDAwMDAwLCJkZWxldGUiOjU0MDAwMDAwMDAwMDAsInJlYWQiOjMwMDAwMDAwMDAwMCwidXBkYXRlIjo1NDAwMDAwMDAwMDAwfX0="
        },
        {
          "index_key": "rg-WebApps-dev",
          "schema_version": 0,
          "attributes": {
            "id": "/subscriptions/2e3ed960-fc0a-49ce-ad4b-05febbbb6f7c/resourceGroups/rg-WebApps-dev",
            "location": "canadacentral",
            "managed_by": "",
            "name": "rg-WebApps-dev",
            "tags": {
              "BU": "SoftwareCICD",
              "TypeOfEnvironement": "Development"
            },
            "timeouts": null
          },
          "sensitive_attributes": [],
          "identity_schema_version": 0,
          "private": "eyJlMmJmYjczMC1lY2FhLTExZTYtOGY4OC0zNDM2M2JjN2M0YzAiOnsiY3JlYXRlIjo1NDAwMDAwMDAwMDAwLCJkZWxldGUiOjU0MDAwMDAwMDAwMDAsInJlYWQiOjMwMDAwMDAwMDAwMCwidXBkYXRlIjo1NDAwMDAwMDAwMDAwfX0="
        },
        {
          "index_key": "rg-WebApps-prod",
          "schema_version": 0,
          "attributes": {
            "id": "/subscriptions/2e3ed960-fc0a-49ce-ad4b-05febbbb6f7c/resourceGroups/rg-WebApps-prod",
            "location": "canadacentral",
            "managed_by": "",
            "name": "rg-WebApps-prod",
            "tags": {
              "BU": "SoftwareCICD",
              "TypeOfEnvironement": "Production"
            },
            "timeouts": null
          },
          "sensitive_attributes": [],
          "identity_schema_version": 0,
          "private": "eyJlMmJmYjczMC1lY2FhLTExZTYtOGY4OC0zNDM2M2JjN2M0YzAiOnsiY3JlYXRlIjo1NDAwMDAwMDAwMDAwLCJkZWxldGUiOjU0MDAwMDAwMDAwMDAsInJlYWQiOjMwMDAwMDAwMDAwMCwidXBkYXRlIjo1NDAwMDAwMDAwMDAwfX0="
        },
        {
          "index_key": "rg-WebApps-staging",
          "schema_version": 0,
          "attributes": {
            "id": "/subscriptions/2e3ed960-fc0a-49ce-ad4b-05febbbb6f7c/resourceGroups/rg-WebApps-staging",
            "location": "canadacentral",
            "managed_by": "",
            "name": "rg-WebApps-staging",
            "tags": {
              "BU": "SoftwareCICD",
              "TypeOfEnvironement": "Staging"
            },
            "timeouts": null
          },
          "sensitive_attributes": [],
          "identity_schema_version": 0,
          "private": "eyJlMmJmYjczMC1lY2FhLTExZTYtOGY4OC0zNDM2M2JjN2M0YzAiOnsiY3JlYXRlIjo1NDAwMDAwMDAwMDAwLCJkZWxldGUiOjU0MDAwMDAwMDAwMDAsInJlYWQiOjMwMDAwMDAwMDAwMCwidXBkYXRlIjo1NDAwMDAwMDAwMDAwfX0="
        }
      ]
    },
    {
      "mode": "managed",
      "type": "azurerm_resource_group",
      "name": "mgm_rgs",
      "provider": "provider[\"registry.terraform.io/hashicorp/azurerm\"]",
      "instances": [
        {
          "index_key": "rg-AzureDevops",
          "schema_version": 0,
          "attributes": {
            "id": "/subscriptions/2e3ed960-fc0a-49ce-ad4b-05febbbb6f7c/resourceGroups/rg-AzureDevops",
            "location": "canadacentral",
            "managed_by": "",
            "name": "rg-AzureDevops",
            "tags": {
              "BU": "SoftwareCICD"
            },
            "timeouts": null
          },
          "sensitive_attributes": [],
          "identity_schema_version": 0,
          "private": "eyJlMmJmYjczMC1lY2FhLTExZTYtOGY4OC0zNDM2M2JjN2M0YzAiOnsiY3JlYXRlIjo1NDAwMDAwMDAwMDAwLCJkZWxldGUiOjU0MDAwMDAwMDAwMDAsInJlYWQiOjMwMDAwMDAwMDAwMCwidXBkYXRlIjo1NDAwMDAwMDAwMDAwfX0="
        },
        {
          "index_key": "rg-SharedResources",
          "schema_version": 0,
          "attributes": {
            "id": "/subscriptions/2e3ed960-fc0a-49ce-ad4b-05febbbb6f7c/resourceGroups/rg-SharedResources",
            "location": "canadacentral",
            "managed_by": "",
            "name": "rg-SharedResources",
            "tags": {
              "BU": "Infrastructure"
            },
            "timeouts": null
          },
          "sensitive_attributes": [],
          "identity_schema_version": 0,
          "private": "eyJlMmJmYjczMC1lY2FhLTExZTYtOGY4OC0zNDM2M2JjN2M0YzAiOnsiY3JlYXRlIjo1NDAwMDAwMDAwMDAwLCJkZWxldGUiOjU0MDAwMDAwMDAwMDAsInJlYWQiOjMwMDAwMDAwMDAwMCwidXBkYXRlIjo1NDAwMDAwMDAwMDAwfX0="
        }
      ]
    }
  ],
  "check_results": null
}
